// !$*UTF8*$!
{
	archiveVersion = 1;
	classes = {
	};
	objectVersion = 48;
	objects = {

/* Begin PBXBuildFile section */
		04F552C95AA55C544C231B09 /* Pods_BookClubTests.framework in Frameworks */ = {isa = PBXBuildFile; fileRef = 555738EE43C28147BB544AD0 /* Pods_BookClubTests.framework */; };
		4A55D17D6384E0831825ABDC /* Pods_BookClub.framework in Frameworks */ = {isa = PBXBuildFile; fileRef = EE584A04D732EFE764F1016F /* Pods_BookClub.framework */; };
		A0DAE7EEB264D7F1E43F5E7A /* Pods_BookClubUITests.framework in Frameworks */ = {isa = PBXBuildFile; fileRef = 6CCF74E69379084572208D28 /* Pods_BookClubUITests.framework */; };
		AA7360A6204052B5008B4FE0 /* AppDelegate.swift in Sources */ = {isa = PBXBuildFile; fileRef = AA7360A5204052B5008B4FE0 /* AppDelegate.swift */; };
		AA7360AB204052B5008B4FE0 /* Main.storyboard in Resources */ = {isa = PBXBuildFile; fileRef = AA7360A9204052B5008B4FE0 /* Main.storyboard */; };
		AA7360AD204052B5008B4FE0 /* Assets.xcassets in Resources */ = {isa = PBXBuildFile; fileRef = AA7360AC204052B5008B4FE0 /* Assets.xcassets */; };
		AA7360B0204052B5008B4FE0 /* LaunchScreen.storyboard in Resources */ = {isa = PBXBuildFile; fileRef = AA7360AE204052B5008B4FE0 /* LaunchScreen.storyboard */; };
		AA7360BB204052B5008B4FE0 /* BookClubTests.swift in Sources */ = {isa = PBXBuildFile; fileRef = AA7360BA204052B5008B4FE0 /* BookClubTests.swift */; };
		AA7360C6204052B5008B4FE0 /* BookClubUITests.swift in Sources */ = {isa = PBXBuildFile; fileRef = AA7360C5204052B5008B4FE0 /* BookClubUITests.swift */; };
		AA7360D4204053F0008B4FE0 /* BookListCollectionViewController.swift in Sources */ = {isa = PBXBuildFile; fileRef = AA7360D3204053F0008B4FE0 /* BookListCollectionViewController.swift */; };
		AA7360D620405410008B4FE0 /* BookCollectionViewCell.swift in Sources */ = {isa = PBXBuildFile; fileRef = AA7360D520405410008B4FE0 /* BookCollectionViewCell.swift */; };
		AA7360DA204070A6008B4FE0 /* AddBookViewController.swift in Sources */ = {isa = PBXBuildFile; fileRef = AA7360D9204070A6008B4FE0 /* AddBookViewController.swift */; };
		AA7360DC2040717C008B4FE0 /* Book.swift in Sources */ = {isa = PBXBuildFile; fileRef = AA7360DB2040717C008B4FE0 /* Book.swift */; };
/* End PBXBuildFile section */

/* Begin PBXContainerItemProxy section */
		AA7360B7204052B5008B4FE0 /* PBXContainerItemProxy */ = {
			isa = PBXContainerItemProxy;
			containerPortal = AA73609A204052B5008B4FE0 /* Project object */;
			proxyType = 1;
			remoteGlobalIDString = AA7360A1204052B5008B4FE0;
			remoteInfo = BookClub;
		};
		AA7360C2204052B5008B4FE0 /* PBXContainerItemProxy */ = {
			isa = PBXContainerItemProxy;
			containerPortal = AA73609A204052B5008B4FE0 /* Project object */;
			proxyType = 1;
			remoteGlobalIDString = AA7360A1204052B5008B4FE0;
			remoteInfo = BookClub;
		};
/* End PBXContainerItemProxy section */

/* Begin PBXFileReference section */
		1531EA08CC40C0AD316293B9 /* Pods-BookClub.debug.xcconfig */ = {isa = PBXFileReference; includeInIndex = 1; lastKnownFileType = text.xcconfig; name = "Pods-BookClub.debug.xcconfig"; path = "Pods/Target Support Files/Pods-BookClub/Pods-BookClub.debug.xcconfig"; sourceTree = "<group>"; };
		2298679903970028DB95D51C /* Pods-BookClub.release.xcconfig */ = {isa = PBXFileReference; includeInIndex = 1; lastKnownFileType = text.xcconfig; name = "Pods-BookClub.release.xcconfig"; path = "Pods/Target Support Files/Pods-BookClub/Pods-BookClub.release.xcconfig"; sourceTree = "<group>"; };
		404FE426CE7B5E2F24F3CF23 /* Pods-BookClubTests.debug.xcconfig */ = {isa = PBXFileReference; includeInIndex = 1; lastKnownFileType = text.xcconfig; name = "Pods-BookClubTests.debug.xcconfig"; path = "Pods/Target Support Files/Pods-BookClubTests/Pods-BookClubTests.debug.xcconfig"; sourceTree = "<group>"; };
		50259BE26D13E8D999F162DF /* Pods-BookClubTests.release.xcconfig */ = {isa = PBXFileReference; includeInIndex = 1; lastKnownFileType = text.xcconfig; name = "Pods-BookClubTests.release.xcconfig"; path = "Pods/Target Support Files/Pods-BookClubTests/Pods-BookClubTests.release.xcconfig"; sourceTree = "<group>"; };
		555738EE43C28147BB544AD0 /* Pods_BookClubTests.framework */ = {isa = PBXFileReference; explicitFileType = wrapper.framework; includeInIndex = 0; path = Pods_BookClubTests.framework; sourceTree = BUILT_PRODUCTS_DIR; };
		5BC18728777237BA002169D3 /* Pods-BookClubUITests.debug.xcconfig */ = {isa = PBXFileReference; includeInIndex = 1; lastKnownFileType = text.xcconfig; name = "Pods-BookClubUITests.debug.xcconfig"; path = "Pods/Target Support Files/Pods-BookClubUITests/Pods-BookClubUITests.debug.xcconfig"; sourceTree = "<group>"; };
		62E1E3884F11D17DA64648F5 /* Pods-BookClubUITests.release.xcconfig */ = {isa = PBXFileReference; includeInIndex = 1; lastKnownFileType = text.xcconfig; name = "Pods-BookClubUITests.release.xcconfig"; path = "Pods/Target Support Files/Pods-BookClubUITests/Pods-BookClubUITests.release.xcconfig"; sourceTree = "<group>"; };
		6CCF74E69379084572208D28 /* Pods_BookClubUITests.framework */ = {isa = PBXFileReference; explicitFileType = wrapper.framework; includeInIndex = 0; path = Pods_BookClubUITests.framework; sourceTree = BUILT_PRODUCTS_DIR; };
		AA7360A2204052B5008B4FE0 /* BookClub.app */ = {isa = PBXFileReference; explicitFileType = wrapper.application; includeInIndex = 0; path = BookClub.app; sourceTree = BUILT_PRODUCTS_DIR; };
		AA7360A5204052B5008B4FE0 /* AppDelegate.swift */ = {isa = PBXFileReference; lastKnownFileType = sourcecode.swift; path = AppDelegate.swift; sourceTree = "<group>"; };
		AA7360AA204052B5008B4FE0 /* Base */ = {isa = PBXFileReference; lastKnownFileType = file.storyboard; name = Base; path = Base.lproj/Main.storyboard; sourceTree = "<group>"; };
		AA7360AC204052B5008B4FE0 /* Assets.xcassets */ = {isa = PBXFileReference; lastKnownFileType = folder.assetcatalog; path = Assets.xcassets; sourceTree = "<group>"; };
		AA7360AF204052B5008B4FE0 /* Base */ = {isa = PBXFileReference; lastKnownFileType = file.storyboard; name = Base; path = Base.lproj/LaunchScreen.storyboard; sourceTree = "<group>"; };
		AA7360B1204052B5008B4FE0 /* Info.plist */ = {isa = PBXFileReference; lastKnownFileType = text.plist.xml; path = Info.plist; sourceTree = "<group>"; };
		AA7360B6204052B5008B4FE0 /* BookClubTests.xctest */ = {isa = PBXFileReference; explicitFileType = wrapper.cfbundle; includeInIndex = 0; path = BookClubTests.xctest; sourceTree = BUILT_PRODUCTS_DIR; };
		AA7360BA204052B5008B4FE0 /* BookClubTests.swift */ = {isa = PBXFileReference; lastKnownFileType = sourcecode.swift; path = BookClubTests.swift; sourceTree = "<group>"; };
		AA7360BC204052B5008B4FE0 /* Info.plist */ = {isa = PBXFileReference; lastKnownFileType = text.plist.xml; path = Info.plist; sourceTree = "<group>"; };
		AA7360C1204052B5008B4FE0 /* BookClubUITests.xctest */ = {isa = PBXFileReference; explicitFileType = wrapper.cfbundle; includeInIndex = 0; path = BookClubUITests.xctest; sourceTree = BUILT_PRODUCTS_DIR; };
		AA7360C5204052B5008B4FE0 /* BookClubUITests.swift */ = {isa = PBXFileReference; lastKnownFileType = sourcecode.swift; path = BookClubUITests.swift; sourceTree = "<group>"; };
		AA7360C7204052B5008B4FE0 /* Info.plist */ = {isa = PBXFileReference; lastKnownFileType = text.plist.xml; path = Info.plist; sourceTree = "<group>"; };
		AA7360D3204053F0008B4FE0 /* BookListCollectionViewController.swift */ = {isa = PBXFileReference; lastKnownFileType = sourcecode.swift; path = BookListCollectionViewController.swift; sourceTree = "<group>"; };
		AA7360D520405410008B4FE0 /* BookCollectionViewCell.swift */ = {isa = PBXFileReference; lastKnownFileType = sourcecode.swift; path = BookCollectionViewCell.swift; sourceTree = "<group>"; };
		AA7360D9204070A6008B4FE0 /* AddBookViewController.swift */ = {isa = PBXFileReference; lastKnownFileType = sourcecode.swift; path = AddBookViewController.swift; sourceTree = "<group>"; };
		AA7360DB2040717C008B4FE0 /* Book.swift */ = {isa = PBXFileReference; lastKnownFileType = sourcecode.swift; path = Book.swift; sourceTree = "<group>"; };
		EE584A04D732EFE764F1016F /* Pods_BookClub.framework */ = {isa = PBXFileReference; explicitFileType = wrapper.framework; includeInIndex = 0; path = Pods_BookClub.framework; sourceTree = BUILT_PRODUCTS_DIR; };
/* End PBXFileReference section */

/* Begin PBXFrameworksBuildPhase section */
		AA73609F204052B5008B4FE0 /* Frameworks */ = {
			isa = PBXFrameworksBuildPhase;
			buildActionMask = 2147483647;
			files = (
				4A55D17D6384E0831825ABDC /* Pods_BookClub.framework in Frameworks */,
			);
			runOnlyForDeploymentPostprocessing = 0;
		};
		AA7360B3204052B5008B4FE0 /* Frameworks */ = {
			isa = PBXFrameworksBuildPhase;
			buildActionMask = 2147483647;
			files = (
				04F552C95AA55C544C231B09 /* Pods_BookClubTests.framework in Frameworks */,
			);
			runOnlyForDeploymentPostprocessing = 0;
		};
		AA7360BE204052B5008B4FE0 /* Frameworks */ = {
			isa = PBXFrameworksBuildPhase;
			buildActionMask = 2147483647;
			files = (
				A0DAE7EEB264D7F1E43F5E7A /* Pods_BookClubUITests.framework in Frameworks */,
			);
			runOnlyForDeploymentPostprocessing = 0;
		};
/* End PBXFrameworksBuildPhase section */

/* Begin PBXGroup section */
		806949210BBFCB4F6D3140E7 /* Pods */ = {
			isa = PBXGroup;
			children = (
				1531EA08CC40C0AD316293B9 /* Pods-BookClub.debug.xcconfig */,
				2298679903970028DB95D51C /* Pods-BookClub.release.xcconfig */,
				404FE426CE7B5E2F24F3CF23 /* Pods-BookClubTests.debug.xcconfig */,
				50259BE26D13E8D999F162DF /* Pods-BookClubTests.release.xcconfig */,
				5BC18728777237BA002169D3 /* Pods-BookClubUITests.debug.xcconfig */,
				62E1E3884F11D17DA64648F5 /* Pods-BookClubUITests.release.xcconfig */,
			);
			name = Pods;
			sourceTree = "<group>";
		};
		86399F504688F1CFBA7D49CD /* Frameworks */ = {
			isa = PBXGroup;
			children = (
				EE584A04D732EFE764F1016F /* Pods_BookClub.framework */,
				555738EE43C28147BB544AD0 /* Pods_BookClubTests.framework */,
				6CCF74E69379084572208D28 /* Pods_BookClubUITests.framework */,
			);
			name = Frameworks;
			sourceTree = "<group>";
		};
		AA736099204052B5008B4FE0 = {
			isa = PBXGroup;
			children = (
				AA7360A4204052B5008B4FE0 /* BookClub */,
				AA7360B9204052B5008B4FE0 /* BookClubTests */,
				AA7360C4204052B5008B4FE0 /* BookClubUITests */,
				AA7360A3204052B5008B4FE0 /* Products */,
				806949210BBFCB4F6D3140E7 /* Pods */,
				86399F504688F1CFBA7D49CD /* Frameworks */,
			);
			sourceTree = "<group>";
		};
		AA7360A3204052B5008B4FE0 /* Products */ = {
			isa = PBXGroup;
			children = (
				AA7360A2204052B5008B4FE0 /* BookClub.app */,
				AA7360B6204052B5008B4FE0 /* BookClubTests.xctest */,
				AA7360C1204052B5008B4FE0 /* BookClubUITests.xctest */,
			);
			name = Products;
			sourceTree = "<group>";
		};
		AA7360A4204052B5008B4FE0 /* BookClub */ = {
			isa = PBXGroup;
			children = (
				AA7360A5204052B5008B4FE0 /* AppDelegate.swift */,
				AA7360A9204052B5008B4FE0 /* Main.storyboard */,
				AA7360AC204052B5008B4FE0 /* Assets.xcassets */,
				AA7360AE204052B5008B4FE0 /* LaunchScreen.storyboard */,
				AA7360B1204052B5008B4FE0 /* Info.plist */,
				AA7360D3204053F0008B4FE0 /* BookListCollectionViewController.swift */,
				AA7360D520405410008B4FE0 /* BookCollectionViewCell.swift */,
				AA7360D9204070A6008B4FE0 /* AddBookViewController.swift */,
				AA7360DB2040717C008B4FE0 /* Book.swift */,
			);
			path = BookClub;
			sourceTree = "<group>";
		};
		AA7360B9204052B5008B4FE0 /* BookClubTests */ = {
			isa = PBXGroup;
			children = (
				AA7360BA204052B5008B4FE0 /* BookClubTests.swift */,
				AA7360BC204052B5008B4FE0 /* Info.plist */,
			);
			path = BookClubTests;
			sourceTree = "<group>";
		};
		AA7360C4204052B5008B4FE0 /* BookClubUITests */ = {
			isa = PBXGroup;
			children = (
				AA7360C5204052B5008B4FE0 /* BookClubUITests.swift */,
				AA7360C7204052B5008B4FE0 /* Info.plist */,
			);
			path = BookClubUITests;
			sourceTree = "<group>";
		};
/* End PBXGroup section */

/* Begin PBXNativeTarget section */
		AA7360A1204052B5008B4FE0 /* BookClub */ = {
			isa = PBXNativeTarget;
			buildConfigurationList = AA7360CA204052B5008B4FE0 /* Build configuration list for PBXNativeTarget "BookClub" */;
			buildPhases = (
				B8DBBAA1691C881F04F961C7 /* [CP] Check Pods Manifest.lock */,
				AA73609E204052B5008B4FE0 /* Sources */,
				AA73609F204052B5008B4FE0 /* Frameworks */,
				AA7360A0204052B5008B4FE0 /* Resources */,
				06BA3799382630D4D4B9232A /* [CP] Embed Pods Frameworks */,
				B44BF9524297949881A29690 /* [CP] Copy Pods Resources */,
			);
			buildRules = (
			);
			dependencies = (
			);
			name = BookClub;
			productName = BookClub;
			productReference = AA7360A2204052B5008B4FE0 /* BookClub.app */;
			productType = "com.apple.product-type.application";
		};
		AA7360B5204052B5008B4FE0 /* BookClubTests */ = {
			isa = PBXNativeTarget;
			buildConfigurationList = AA7360CD204052B5008B4FE0 /* Build configuration list for PBXNativeTarget "BookClubTests" */;
			buildPhases = (
				2044328B3A191E45AF65A1F2 /* [CP] Check Pods Manifest.lock */,
				AA7360B2204052B5008B4FE0 /* Sources */,
				AA7360B3204052B5008B4FE0 /* Frameworks */,
				AA7360B4204052B5008B4FE0 /* Resources */,
				8D5FAA9BFD3B4AFA363CB79D /* [CP] Embed Pods Frameworks */,
				F56E6E0582E01D0AC70D8BD1 /* [CP] Copy Pods Resources */,
			);
			buildRules = (
			);
			dependencies = (
				AA7360B8204052B5008B4FE0 /* PBXTargetDependency */,
			);
			name = BookClubTests;
			productName = BookClubTests;
			productReference = AA7360B6204052B5008B4FE0 /* BookClubTests.xctest */;
			productType = "com.apple.product-type.bundle.unit-test";
		};
		AA7360C0204052B5008B4FE0 /* BookClubUITests */ = {
			isa = PBXNativeTarget;
			buildConfigurationList = AA7360D0204052B5008B4FE0 /* Build configuration list for PBXNativeTarget "BookClubUITests" */;
			buildPhases = (
				17C960CE5A22CD197444E36D /* [CP] Check Pods Manifest.lock */,
				AA7360BD204052B5008B4FE0 /* Sources */,
				AA7360BE204052B5008B4FE0 /* Frameworks */,
				AA7360BF204052B5008B4FE0 /* Resources */,
				7268F23D1D116EE5C8EFF8C9 /* [CP] Embed Pods Frameworks */,
				8100CB33A8313502643C3454 /* [CP] Copy Pods Resources */,
			);
			buildRules = (
			);
			dependencies = (
				AA7360C3204052B5008B4FE0 /* PBXTargetDependency */,
			);
			name = BookClubUITests;
			productName = BookClubUITests;
			productReference = AA7360C1204052B5008B4FE0 /* BookClubUITests.xctest */;
			productType = "com.apple.product-type.bundle.ui-testing";
		};
/* End PBXNativeTarget section */

/* Begin PBXProject section */
		AA73609A204052B5008B4FE0 /* Project object */ = {
			isa = PBXProject;
			attributes = {
				LastSwiftUpdateCheck = 0920;
				LastUpgradeCheck = 0920;
				ORGANIZATIONNAME = "Steve Miles";
				TargetAttributes = {
					AA7360A1204052B5008B4FE0 = {
						CreatedOnToolsVersion = 9.2;
						ProvisioningStyle = Automatic;
					};
					AA7360B5204052B5008B4FE0 = {
						CreatedOnToolsVersion = 9.2;
						ProvisioningStyle = Automatic;
						TestTargetID = AA7360A1204052B5008B4FE0;
					};
					AA7360C0204052B5008B4FE0 = {
						CreatedOnToolsVersion = 9.2;
						ProvisioningStyle = Automatic;
						TestTargetID = AA7360A1204052B5008B4FE0;
					};
				};
			};
			buildConfigurationList = AA73609D204052B5008B4FE0 /* Build configuration list for PBXProject "BookClub" */;
			compatibilityVersion = "Xcode 8.0";
			developmentRegion = en;
			hasScannedForEncodings = 0;
			knownRegions = (
				en,
				Base,
			);
			mainGroup = AA736099204052B5008B4FE0;
			productRefGroup = AA7360A3204052B5008B4FE0 /* Products */;
			projectDirPath = "";
			projectRoot = "";
			targets = (
				AA7360A1204052B5008B4FE0 /* BookClub */,
				AA7360B5204052B5008B4FE0 /* BookClubTests */,
				AA7360C0204052B5008B4FE0 /* BookClubUITests */,
			);
		};
/* End PBXProject section */

/* Begin PBXResourcesBuildPhase section */
		AA7360A0204052B5008B4FE0 /* Resources */ = {
			isa = PBXResourcesBuildPhase;
			buildActionMask = 2147483647;
			files = (
				AA7360B0204052B5008B4FE0 /* LaunchScreen.storyboard in Resources */,
				AA7360AD204052B5008B4FE0 /* Assets.xcassets in Resources */,
				AA7360AB204052B5008B4FE0 /* Main.storyboard in Resources */,
			);
			runOnlyForDeploymentPostprocessing = 0;
		};
		AA7360B4204052B5008B4FE0 /* Resources */ = {
			isa = PBXResourcesBuildPhase;
			buildActionMask = 2147483647;
			files = (
			);
			runOnlyForDeploymentPostprocessing = 0;
		};
		AA7360BF204052B5008B4FE0 /* Resources */ = {
			isa = PBXResourcesBuildPhase;
			buildActionMask = 2147483647;
			files = (
			);
			runOnlyForDeploymentPostprocessing = 0;
		};
/* End PBXResourcesBuildPhase section */

/* Begin PBXShellScriptBuildPhase section */
		06BA3799382630D4D4B9232A /* [CP] Embed Pods Frameworks */ = {
			isa = PBXShellScriptBuildPhase;
			buildActionMask = 2147483647;
			files = (
			);
			inputPaths = (
				"${SRCROOT}/Pods/Target Support Files/Pods-BookClub/Pods-BookClub-frameworks.sh",
				"${BUILT_PRODUCTS_DIR}/Cosmos/Cosmos.framework",
			);
			name = "[CP] Embed Pods Frameworks";
			outputPaths = (
				"${TARGET_BUILD_DIR}/${FRAMEWORKS_FOLDER_PATH}/Cosmos.framework",
			);
			runOnlyForDeploymentPostprocessing = 0;
			shellPath = /bin/sh;
			shellScript = "\"${SRCROOT}/Pods/Target Support Files/Pods-BookClub/Pods-BookClub-frameworks.sh\"\n";
			showEnvVarsInLog = 0;
		};
		17C960CE5A22CD197444E36D /* [CP] Check Pods Manifest.lock */ = {
			isa = PBXShellScriptBuildPhase;
			buildActionMask = 2147483647;
			files = (
			);
			inputPaths = (
				"${PODS_PODFILE_DIR_PATH}/Podfile.lock",
				"${PODS_ROOT}/Manifest.lock",
			);
			name = "[CP] Check Pods Manifest.lock";
			outputPaths = (
				"$(DERIVED_FILE_DIR)/Pods-BookClubUITests-checkManifestLockResult.txt",
			);
			runOnlyForDeploymentPostprocessing = 0;
			shellPath = /bin/sh;
			shellScript = "diff \"${PODS_PODFILE_DIR_PATH}/Podfile.lock\" \"${PODS_ROOT}/Manifest.lock\" > /dev/null\nif [ $? != 0 ] ; then\n    # print error to STDERR\n    echo \"error: The sandbox is not in sync with the Podfile.lock. Run 'pod install' or update your CocoaPods installation.\" >&2\n    exit 1\nfi\n# This output is used by Xcode 'outputs' to avoid re-running this script phase.\necho \"SUCCESS\" > \"${SCRIPT_OUTPUT_FILE_0}\"\n";
			showEnvVarsInLog = 0;
		};
		2044328B3A191E45AF65A1F2 /* [CP] Check Pods Manifest.lock */ = {
			isa = PBXShellScriptBuildPhase;
			buildActionMask = 2147483647;
			files = (
			);
			inputPaths = (
				"${PODS_PODFILE_DIR_PATH}/Podfile.lock",
				"${PODS_ROOT}/Manifest.lock",
			);
			name = "[CP] Check Pods Manifest.lock";
			outputPaths = (
				"$(DERIVED_FILE_DIR)/Pods-BookClubTests-checkManifestLockResult.txt",
			);
			runOnlyForDeploymentPostprocessing = 0;
			shellPath = /bin/sh;
			shellScript = "diff \"${PODS_PODFILE_DIR_PATH}/Podfile.lock\" \"${PODS_ROOT}/Manifest.lock\" > /dev/null\nif [ $? != 0 ] ; then\n    # print error to STDERR\n    echo \"error: The sandbox is not in sync with the Podfile.lock. Run 'pod install' or update your CocoaPods installation.\" >&2\n    exit 1\nfi\n# This output is used by Xcode 'outputs' to avoid re-running this script phase.\necho \"SUCCESS\" > \"${SCRIPT_OUTPUT_FILE_0}\"\n";
			showEnvVarsInLog = 0;
		};
		7268F23D1D116EE5C8EFF8C9 /* [CP] Embed Pods Frameworks */ = {
			isa = PBXShellScriptBuildPhase;
			buildActionMask = 2147483647;
			files = (
			);
			inputPaths = (
			);
			name = "[CP] Embed Pods Frameworks";
			outputPaths = (
			);
			runOnlyForDeploymentPostprocessing = 0;
			shellPath = /bin/sh;
			shellScript = "\"${SRCROOT}/Pods/Target Support Files/Pods-BookClubUITests/Pods-BookClubUITests-frameworks.sh\"\n";
			showEnvVarsInLog = 0;
		};
		8100CB33A8313502643C3454 /* [CP] Copy Pods Resources */ = {
			isa = PBXShellScriptBuildPhase;
			buildActionMask = 2147483647;
			files = (
			);
			inputPaths = (
			);
			name = "[CP] Copy Pods Resources";
			outputPaths = (
			);
			runOnlyForDeploymentPostprocessing = 0;
			shellPath = /bin/sh;
			shellScript = "\"${SRCROOT}/Pods/Target Support Files/Pods-BookClubUITests/Pods-BookClubUITests-resources.sh\"\n";
			showEnvVarsInLog = 0;
		};
		8D5FAA9BFD3B4AFA363CB79D /* [CP] Embed Pods Frameworks */ = {
			isa = PBXShellScriptBuildPhase;
			buildActionMask = 2147483647;
			files = (
			);
			inputPaths = (
			);
			name = "[CP] Embed Pods Frameworks";
			outputPaths = (
			);
			runOnlyForDeploymentPostprocessing = 0;
			shellPath = /bin/sh;
			shellScript = "\"${SRCROOT}/Pods/Target Support Files/Pods-BookClubTests/Pods-BookClubTests-frameworks.sh\"\n";
			showEnvVarsInLog = 0;
		};
		B44BF9524297949881A29690 /* [CP] Copy Pods Resources */ = {
			isa = PBXShellScriptBuildPhase;
			buildActionMask = 2147483647;
			files = (
			);
			inputPaths = (
			);
			name = "[CP] Copy Pods Resources";
			outputPaths = (
			);
			runOnlyForDeploymentPostprocessing = 0;
			shellPath = /bin/sh;
			shellScript = "\"${SRCROOT}/Pods/Target Support Files/Pods-BookClub/Pods-BookClub-resources.sh\"\n";
			showEnvVarsInLog = 0;
		};
		B8DBBAA1691C881F04F961C7 /* [CP] Check Pods Manifest.lock */ = {
			isa = PBXShellScriptBuildPhase;
			buildActionMask = 2147483647;
			files = (
			);
			inputPaths = (
				"${PODS_PODFILE_DIR_PATH}/Podfile.lock",
				"${PODS_ROOT}/Manifest.lock",
			);
			name = "[CP] Check Pods Manifest.lock";
			outputPaths = (
				"$(DERIVED_FILE_DIR)/Pods-BookClub-checkManifestLockResult.txt",
			);
			runOnlyForDeploymentPostprocessing = 0;
			shellPath = /bin/sh;
			shellScript = "diff \"${PODS_PODFILE_DIR_PATH}/Podfile.lock\" \"${PODS_ROOT}/Manifest.lock\" > /dev/null\nif [ $? != 0 ] ; then\n    # print error to STDERR\n    echo \"error: The sandbox is not in sync with the Podfile.lock. Run 'pod install' or update your CocoaPods installation.\" >&2\n    exit 1\nfi\n# This output is used by Xcode 'outputs' to avoid re-running this script phase.\necho \"SUCCESS\" > \"${SCRIPT_OUTPUT_FILE_0}\"\n";
			showEnvVarsInLog = 0;
		};
		F56E6E0582E01D0AC70D8BD1 /* [CP] Copy Pods Resources */ = {
			isa = PBXShellScriptBuildPhase;
			buildActionMask = 2147483647;
			files = (
			);
			inputPaths = (
			);
			name = "[CP] Copy Pods Resources";
			outputPaths = (
			);
			runOnlyForDeploymentPostprocessing = 0;
			shellPath = /bin/sh;
			shellScript = "\"${SRCROOT}/Pods/Target Support Files/Pods-BookClubTests/Pods-BookClubTests-resources.sh\"\n";
			showEnvVarsInLog = 0;
		};
/* End PBXShellScriptBuildPhase section */

/* Begin PBXSourcesBuildPhase section */
		AA73609E204052B5008B4FE0 /* Sources */ = {
			isa = PBXSourcesBuildPhase;
			buildActionMask = 2147483647;
			files = (
				AA7360D620405410008B4FE0 /* BookCollectionViewCell.swift in Sources */,
				AA7360DA204070A6008B4FE0 /* AddBookViewController.swift in Sources */,
				AA7360A6204052B5008B4FE0 /* AppDelegate.swift in Sources */,
				AA7360DC2040717C008B4FE0 /* Book.swift in Sources */,
				AA7360D4204053F0008B4FE0 /* BookListCollectionViewController.swift in Sources */,
			);
			runOnlyForDeploymentPostprocessing = 0;
		};
		AA7360B2204052B5008B4FE0 /* Sources */ = {
			isa = PBXSourcesBuildPhase;
			buildActionMask = 2147483647;
			files = (
				AA7360BB204052B5008B4FE0 /* BookClubTests.swift in Sources */,
			);
			runOnlyForDeploymentPostprocessing = 0;
		};
		AA7360BD204052B5008B4FE0 /* Sources */ = {
			isa = PBXSourcesBuildPhase;
			buildActionMask = 2147483647;
			files = (
				AA7360C6204052B5008B4FE0 /* BookClubUITests.swift in Sources */,
			);
			runOnlyForDeploymentPostprocessing = 0;
		};
/* End PBXSourcesBuildPhase section */

/* Begin PBXTargetDependency section */
		AA7360B8204052B5008B4FE0 /* PBXTargetDependency */ = {
			isa = PBXTargetDependency;
			target = AA7360A1204052B5008B4FE0 /* BookClub */;
			targetProxy = AA7360B7204052B5008B4FE0 /* PBXContainerItemProxy */;
		};
		AA7360C3204052B5008B4FE0 /* PBXTargetDependency */ = {
			isa = PBXTargetDependency;
			target = AA7360A1204052B5008B4FE0 /* BookClub */;
			targetProxy = AA7360C2204052B5008B4FE0 /* PBXContainerItemProxy */;
		};
/* End PBXTargetDependency section */

/* Begin PBXVariantGroup section */
		AA7360A9204052B5008B4FE0 /* Main.storyboard */ = {
			isa = PBXVariantGroup;
			children = (
				AA7360AA204052B5008B4FE0 /* Base */,
			);
			name = Main.storyboard;
			sourceTree = "<group>";
		};
		AA7360AE204052B5008B4FE0 /* LaunchScreen.storyboard */ = {
			isa = PBXVariantGroup;
			children = (
				AA7360AF204052B5008B4FE0 /* Base */,
			);
			name = LaunchScreen.storyboard;
			sourceTree = "<group>";
		};
/* End PBXVariantGroup section */

/* Begin XCBuildConfiguration section */
		AA7360C8204052B5008B4FE0 /* Debug */ = {
			isa = XCBuildConfiguration;
			buildSettings = {
				ALWAYS_SEARCH_USER_PATHS = NO;
				CLANG_ANALYZER_NONNULL = YES;
				CLANG_ANALYZER_NUMBER_OBJECT_CONVERSION = YES_AGGRESSIVE;
				CLANG_CXX_LANGUAGE_STANDARD = "gnu++14";
				CLANG_CXX_LIBRARY = "libc++";
				CLANG_ENABLE_MODULES = YES;
				CLANG_ENABLE_OBJC_ARC = YES;
				CLANG_WARN_BLOCK_CAPTURE_AUTORELEASING = YES;
				CLANG_WARN_BOOL_CONVERSION = YES;
				CLANG_WARN_COMMA = YES;
				CLANG_WARN_CONSTANT_CONVERSION = YES;
				CLANG_WARN_DIRECT_OBJC_ISA_USAGE = YES_ERROR;
				CLANG_WARN_DOCUMENTATION_COMMENTS = YES;
				CLANG_WARN_EMPTY_BODY = YES;
				CLANG_WARN_ENUM_CONVERSION = YES;
				CLANG_WARN_INFINITE_RECURSION = YES;
				CLANG_WARN_INT_CONVERSION = YES;
				CLANG_WARN_NON_LITERAL_NULL_CONVERSION = YES;
				CLANG_WARN_OBJC_LITERAL_CONVERSION = YES;
				CLANG_WARN_OBJC_ROOT_CLASS = YES_ERROR;
				CLANG_WARN_RANGE_LOOP_ANALYSIS = YES;
				CLANG_WARN_STRICT_PROTOTYPES = YES;
				CLANG_WARN_SUSPICIOUS_MOVE = YES;
				CLANG_WARN_UNGUARDED_AVAILABILITY = YES_AGGRESSIVE;
				CLANG_WARN_UNREACHABLE_CODE = YES;
				CLANG_WARN__DUPLICATE_METHOD_MATCH = YES;
				CODE_SIGN_IDENTITY = "iPhone Developer";
				COPY_PHASE_STRIP = NO;
				DEBUG_INFORMATION_FORMAT = dwarf;
				ENABLE_STRICT_OBJC_MSGSEND = YES;
				ENABLE_TESTABILITY = YES;
				GCC_C_LANGUAGE_STANDARD = gnu11;
				GCC_DYNAMIC_NO_PIC = NO;
				GCC_NO_COMMON_BLOCKS = YES;
				GCC_OPTIMIZATION_LEVEL = 0;
				GCC_PREPROCESSOR_DEFINITIONS = (
					"DEBUG=1",
					"$(inherited)",
				);
				GCC_WARN_64_TO_32_BIT_CONVERSION = YES;
				GCC_WARN_ABOUT_RETURN_TYPE = YES_ERROR;
				GCC_WARN_UNDECLARED_SELECTOR = YES;
				GCC_WARN_UNINITIALIZED_AUTOS = YES_AGGRESSIVE;
				GCC_WARN_UNUSED_FUNCTION = YES;
				GCC_WARN_UNUSED_VARIABLE = YES;
				IPHONEOS_DEPLOYMENT_TARGET = 11.2;
				MTL_ENABLE_DEBUG_INFO = YES;
				ONLY_ACTIVE_ARCH = YES;
				SDKROOT = iphoneos;
				SWIFT_ACTIVE_COMPILATION_CONDITIONS = DEBUG;
				SWIFT_OPTIMIZATION_LEVEL = "-Onone";
			};
			name = Debug;
		};
		AA7360C9204052B5008B4FE0 /* Release */ = {
			isa = XCBuildConfiguration;
			buildSettings = {
				ALWAYS_SEARCH_USER_PATHS = NO;
				CLANG_ANALYZER_NONNULL = YES;
				CLANG_ANALYZER_NUMBER_OBJECT_CONVERSION = YES_AGGRESSIVE;
				CLANG_CXX_LANGUAGE_STANDARD = "gnu++14";
				CLANG_CXX_LIBRARY = "libc++";
				CLANG_ENABLE_MODULES = YES;
				CLANG_ENABLE_OBJC_ARC = YES;
				CLANG_WARN_BLOCK_CAPTURE_AUTORELEASING = YES;
				CLANG_WARN_BOOL_CONVERSION = YES;
				CLANG_WARN_COMMA = YES;
				CLANG_WARN_CONSTANT_CONVERSION = YES;
				CLANG_WARN_DIRECT_OBJC_ISA_USAGE = YES_ERROR;
				CLANG_WARN_DOCUMENTATION_COMMENTS = YES;
				CLANG_WARN_EMPTY_BODY = YES;
				CLANG_WARN_ENUM_CONVERSION = YES;
				CLANG_WARN_INFINITE_RECURSION = YES;
				CLANG_WARN_INT_CONVERSION = YES;
				CLANG_WARN_NON_LITERAL_NULL_CONVERSION = YES;
				CLANG_WARN_OBJC_LITERAL_CONVERSION = YES;
				CLANG_WARN_OBJC_ROOT_CLASS = YES_ERROR;
				CLANG_WARN_RANGE_LOOP_ANALYSIS = YES;
				CLANG_WARN_STRICT_PROTOTYPES = YES;
				CLANG_WARN_SUSPICIOUS_MOVE = YES;
				CLANG_WARN_UNGUARDED_AVAILABILITY = YES_AGGRESSIVE;
				CLANG_WARN_UNREACHABLE_CODE = YES;
				CLANG_WARN__DUPLICATE_METHOD_MATCH = YES;
				CODE_SIGN_IDENTITY = "iPhone Developer";
				COPY_PHASE_STRIP = NO;
				DEBUG_INFORMATION_FORMAT = "dwarf-with-dsym";
				ENABLE_NS_ASSERTIONS = NO;
				ENABLE_STRICT_OBJC_MSGSEND = YES;
				GCC_C_LANGUAGE_STANDARD = gnu11;
				GCC_NO_COMMON_BLOCKS = YES;
				GCC_WARN_64_TO_32_BIT_CONVERSION = YES;
				GCC_WARN_ABOUT_RETURN_TYPE = YES_ERROR;
				GCC_WARN_UNDECLARED_SELECTOR = YES;
				GCC_WARN_UNINITIALIZED_AUTOS = YES_AGGRESSIVE;
				GCC_WARN_UNUSED_FUNCTION = YES;
				GCC_WARN_UNUSED_VARIABLE = YES;
				IPHONEOS_DEPLOYMENT_TARGET = 11.2;
				MTL_ENABLE_DEBUG_INFO = NO;
				SDKROOT = iphoneos;
				SWIFT_OPTIMIZATION_LEVEL = "-Owholemodule";
				VALIDATE_PRODUCT = YES;
			};
			name = Release;
		};
		AA7360CB204052B5008B4FE0 /* Debug */ = {
			isa = XCBuildConfiguration;
			baseConfigurationReference = 1531EA08CC40C0AD316293B9 /* Pods-BookClub.debug.xcconfig */;
			buildSettings = {
				ASSETCATALOG_COMPILER_APPICON_NAME = AppIcon;
				CODE_SIGN_STYLE = Automatic;
				DEVELOPMENT_TEAM = 55724VY25D;
				INFOPLIST_FILE = BookClub/Info.plist;
				LD_RUNPATH_SEARCH_PATHS = "$(inherited) @executable_path/Frameworks";
				PRODUCT_BUNDLE_IDENTIFIER = awesomeclub.BookClub;
				PRODUCT_NAME = "$(TARGET_NAME)";
				SWIFT_VERSION = 4.0;
				TARGETED_DEVICE_FAMILY = "1,2";
			};
			name = Debug;
		};
		AA7360CC204052B5008B4FE0 /* Release */ = {
			isa = XCBuildConfiguration;
			baseConfigurationReference = 2298679903970028DB95D51C /* Pods-BookClub.release.xcconfig */;
			buildSettings = {
				ASSETCATALOG_COMPILER_APPICON_NAME = AppIcon;
				CODE_SIGN_STYLE = Automatic;
				DEVELOPMENT_TEAM = 55724VY25D;
				INFOPLIST_FILE = BookClub/Info.plist;
				LD_RUNPATH_SEARCH_PATHS = "$(inherited) @executable_path/Frameworks";
				PRODUCT_BUNDLE_IDENTIFIER = awesomeclub.BookClub;
				PRODUCT_NAME = "$(TARGET_NAME)";
				SWIFT_VERSION = 4.0;
				TARGETED_DEVICE_FAMILY = "1,2";
			};
			name = Release;
		};
		AA7360CE204052B5008B4FE0 /* Debug */ = {
			isa = XCBuildConfiguration;
			baseConfigurationReference = 404FE426CE7B5E2F24F3CF23 /* Pods-BookClubTests.debug.xcconfig */;
			buildSettings = {
				ALWAYS_EMBED_SWIFT_STANDARD_LIBRARIES = YES;
				BUNDLE_LOADER = "$(TEST_HOST)";
				CODE_SIGN_STYLE = Automatic;
				DEVELOPMENT_TEAM = 55724VY25D;
				INFOPLIST_FILE = BookClubTests/Info.plist;
				LD_RUNPATH_SEARCH_PATHS = "$(inherited) @executable_path/Frameworks @loader_path/Frameworks";
				PRODUCT_BUNDLE_IDENTIFIER = awesomeclub.BookClubTests;
				PRODUCT_NAME = "$(TARGET_NAME)";
				SWIFT_VERSION = 4.0;
				TARGETED_DEVICE_FAMILY = "1,2";
				TEST_HOST = "$(BUILT_PRODUCTS_DIR)/BookClub.app/BookClub";
			};
			name = Debug;
		};
		AA7360CF204052B5008B4FE0 /* Release */ = {
			isa = XCBuildConfiguration;
			baseConfigurationReference = 50259BE26D13E8D999F162DF /* Pods-BookClubTests.release.xcconfig */;
			buildSettings = {
				ALWAYS_EMBED_SWIFT_STANDARD_LIBRARIES = YES;
				BUNDLE_LOADER = "$(TEST_HOST)";
				CODE_SIGN_STYLE = Automatic;
				DEVELOPMENT_TEAM = 55724VY25D;
				INFOPLIST_FILE = BookClubTests/Info.plist;
				LD_RUNPATH_SEARCH_PATHS = "$(inherited) @executable_path/Frameworks @loader_path/Frameworks";
				PRODUCT_BUNDLE_IDENTIFIER = awesomeclub.BookClubTests;
				PRODUCT_NAME = "$(TARGET_NAME)";
				SWIFT_VERSION = 4.0;
				TARGETED_DEVICE_FAMILY = "1,2";
				TEST_HOST = "$(BUILT_PRODUCTS_DIR)/BookClub.app/BookClub";
			};
			name = Release;
		};
		AA7360D1204052B5008B4FE0 /* Debug */ = {
			isa = XCBuildConfiguration;
			baseConfigurationReference = 5BC18728777237BA002169D3 /* Pods-BookClubUITests.debug.xcconfig */;
			buildSettings = {
				ALWAYS_EMBED_SWIFT_STANDARD_LIBRARIES = YES;
				CODE_SIGN_STYLE = Automatic;
				DEVELOPMENT_TEAM = 55724VY25D;
				INFOPLIST_FILE = BookClubUITests/Info.plist;
				LD_RUNPATH_SEARCH_PATHS = "$(inherited) @executable_path/Frameworks @loader_path/Frameworks";
				PRODUCT_BUNDLE_IDENTIFIER = awesomeclub.BookClubUITests;
				PRODUCT_NAME = "$(TARGET_NAME)";
				SWIFT_VERSION = 4.0;
				TARGETED_DEVICE_FAMILY = "1,2";
				TEST_TARGET_NAME = BookClub;
			};
			name = Debug;
		};
		AA7360D2204052B5008B4FE0 /* Release */ = {
			isa = XCBuildConfiguration;
			baseConfigurationReference = 62E1E3884F11D17DA64648F5 /* Pods-BookClubUITests.release.xcconfig */;
			buildSettings = {
				ALWAYS_EMBED_SWIFT_STANDARD_LIBRARIES = YES;
				CODE_SIGN_STYLE = Automatic;
				DEVELOPMENT_TEAM = 55724VY25D;
				INFOPLIST_FILE = BookClubUITests/Info.plist;
				LD_RUNPATH_SEARCH_PATHS = "$(inherited) @executable_path/Frameworks @loader_path/Frameworks";
				PRODUCT_BUNDLE_IDENTIFIER = awesomeclub.BookClubUITests;
				PRODUCT_NAME = "$(TARGET_NAME)";
				SWIFT_VERSION = 4.0;
				TARGETED_DEVICE_FAMILY = "1,2";
				TEST_TARGET_NAME = BookClub;
			};
			name = Release;
		};
/* End XCBuildConfiguration section */

/* Begin XCConfigurationList section */
		AA73609D204052B5008B4FE0 /* Build configuration list for PBXProject "BookClub" */ = {
			isa = XCConfigurationList;
			buildConfigurations = (
				AA7360C8204052B5008B4FE0 /* Debug */,
				AA7360C9204052B5008B4FE0 /* Release */,
			);
			defaultConfigurationIsVisible = 0;
			defaultConfigurationName = Release;
		};
		AA7360CA204052B5008B4FE0 /* Build configuration list for PBXNativeTarget "BookClub" */ = {
			isa = XCConfigurationList;
			buildConfigurations = (
				AA7360CB204052B5008B4FE0 /* Debug */,
				AA7360CC204052B5008B4FE0 /* Release */,
			);
			defaultConfigurationIsVisible = 0;
			defaultConfigurationName = Release;
		};
		AA7360CD204052B5008B4FE0 /* Build configuration list for PBXNativeTarget "BookClubTests" */ = {
			isa = XCConfigurationList;
			buildConfigurations = (
				AA7360CE204052B5008B4FE0 /* Debug */,
				AA7360CF204052B5008B4FE0 /* Release */,
			);
			defaultConfigurationIsVisible = 0;
			defaultConfigurationName = Release;
		};
		AA7360D0204052B5008B4FE0 /* Build configuration list for PBXNativeTarget "BookClubUITests" */ = {
			isa = XCConfigurationList;
			buildConfigurations = (
				AA7360D1204052B5008B4FE0 /* Debug */,
				AA7360D2204052B5008B4FE0 /* Release */,
			);
			defaultConfigurationIsVisible = 0;
			defaultConfigurationName = Release;
		};
/* End XCConfigurationList section */
	};
	rootObject = AA73609A204052B5008B4FE0 /* Project object */;
}
